version: 1
name: "file.readLine"
icon: "mdi:file-find-outline"
kind: "resource"
description: "Reads one line from a file reader handle."
props:
  reader:
    label: "reader"
    kind: "expression"
    type: "handle<file.reader>"
    default: "local.reader"
    description: "Reader handle produced by file.withReader."
  line:
    label: "line"
    kind: "path"
    mode: "write"
    description: "Optional scope path receiving the line or null at EOF."
  eof:
    label: "eof"
    kind: "path"
    mode: "write"
    description: "Optional scope path receiving true when the reader reached EOF."
  out:
    label: "out"
    kind: "path"
    mode: "write"
    description: "Optional scope path receiving {line, eof}."
hooks:
  file: "file.readLine.hooks.js"
implementation:
  runtime: "rhino"
  file: "file.readLine.js"
