version: 1
icon: "mdi:file-sync-outline"
tags:
- resource
description: "Writes a text file only when its content changed."
longDescription: "Creates parent directories, compares existing text and returns created, updated or unchanged. Use dryRun to preview without writing."
props:
  path:
    label: "path"
    kind: "template"
    type: "string"
    default: "~/file.txt"
    description: "Absolute path or home-relative path receiving the content."
  content:
    label: "content"
    kind: "value"
    type: "unknown"
    default: ""
    description: "Text content to write."
  dryRun:
    label: "dryRun"
    kind: "expression"
    type: "boolean"
    default: false
    description: "Preview the write without touching the file."
  out:
    label: "out"
    kind: "path"
    mode: "write"
    default: "local.fileWrite"
    description: "Scope path receiving write status."
hooks:
  file: "file.writeIfChanged.hooks.js"
implementation:
  runtime: "rhino"
  file: "file.writeIfChanged.js"
