version: 1
private: true
icon: "mdi:sitemap-outline"
description: "Lists project Flow sidecars."
props:
  projectDir:
    label: "projectDir"
    kind: "text"
    type: "string"
    description: "Optional project directory override."
  out:
    label: "out"
    kind: "path"
    mode: "write"
    description: "Scope path receiving project Flow sidecars."
hooks:
  file: "flow.list.hooks.js"
implementation:
  runtime: "rhino"
  file: "flow.list.js"
