version: 1
icon: "mdi:repeat"
tags:
- control
description: "Runs child nodes once per item and exposes the item as current."
props:
  items:
    kind: "expression"
    type: "array"
    default: "flow.items"
    description: "Array expression iterated by this block."
children:
  - "nodes"
slots:
  - name: "nodes"
    label: "Flow"
    inline: true
hooks:
  file: "forEach.hooks.js"
implementation:
  runtime: "rhino"
  file: "forEach.js"
