version: 1
icon: "mdi:code-json"
tags:
- json
- object
- structure
- response
description: "Builds a JSON object from child fields."
longDescription: "Child json.field nodes write keys into the object. This keeps response structures visible in the Flow tree instead of hiding them in a JSON string."
props:
  out:
    label: "out"
    kind: "path"
    mode: "write"
    description: "Optional scope path receiving the built object."
children:
  - "fields"
slots:
  - name: "fields"
    label: "Fields"
    inline: true
hooks:
  file: "json.object.hooks.js"
implementation:
  runtime: "rhino"
  file: "json.object.js"
