version: 1
icon: "mdi:merge"
description: "Creates a shallow object merge."
props:
  target:
    label: "target"
    kind: "expression"
    type: "object"
    default: "local.object"
    description: "Base object expression."
  source:
    label: "source"
    kind: "expression"
    type: "object"
    default: "local.patch"
    description: "Object expression overriding target keys."
  out:
    label: "out"
    kind: "path"
    mode: "write"
    default: "local.merged"
    description: "Scope path receiving the merged object."
hooks:
  file: "object.merge.hooks.js"
implementation:
  runtime: "rhino"
  file: "object.merge.js"
