version: 1
icon: "mdi:link-variant"
description: "Calls a Convertigo sequence, Flow or transaction through the regular requestable path."
props:
  requestable:
    label: "requestable"
    kind: "requestable"
    type: "requestable"
    default: ""
    description: "Target requestable: project.sequence, project.flow, project.connector.transaction, .sequence or .connector.transaction."
  input:
    label: "input"
    kind: "template"
    type: "object"
    description: "Input variables passed to the requestable."
  out:
    label: "out"
    kind: "path"
    mode: "write"
    default: "flow.requestable"
    description: "Scope path receiving the requestable JSON response."
hooks:
  file: "requestable.call.hooks.js"
implementation:
  runtime: "rhino"
  file: "requestable.call.js"
