version: 1
icon: "mdi:keyboard-return"
description: "Stops the Flow and returns a value. Without this block, result is returned implicitly."
longDescription: "Most flows do not need this block because result is returned at the end. Use it only to return early from a branch."
props:
  value:
    label: "value"
    kind: "value"
    type: "unknown"
    default: "{{ result }}"
    description: "Value returned by the flow. Use {{ expression }} for dynamic values."
hooks:
  file: "return.hooks.js"
implementation:
  runtime: "rhino"
  file: "return.js"
