version: 1
icon: "mdi:variable"
tags:
- set
- assign
- write
- scope
- variable
description: "Writes a value to a scope path."
longDescription: "Use path to choose the destination and value for the content. A value containing only {{ expression }} keeps the native expression type."
props:
  path:
    label: "path"
    kind: "path"
    mode: "write"
    default: "result.value"
    description: "Scope path receiving the value."
  value:
    label: "value"
    kind: "value"
    type: "unknown"
    default: ""
    description: "Value to write. Use {{ expression }} for dynamic values; scope paths are null-safe and support indexes like {{ local.items[0] }}."
hooks:
  file: "set.hooks.js"
implementation:
  runtime: "rhino"
  file: "set.js"
