version: 1
icon: "mdi:text-box-edit-outline"
tags:
- text
description: "Renders a text template with Flow expressions."
longDescription: "Replaces {{ expression }} placeholders with values from the current Flow scopes. An exact {{ expression }} keeps the native value type; mixed text produces a string."
props:
  template:
    label: "template"
    kind: "text"
    type: "string"
    default: ""
    description: "Template text containing optional {{ expression }} placeholders."
  out:
    label: "out"
    kind: "path"
    mode: "write"
    default: "local.text"
    description: "Scope path receiving the rendered text."
hooks:
  file: "template.render.hooks.js"
implementation:
  runtime: "rhino"
  file: "template.render.js"
