version: 1
name: "use"
icon: "mdi:puzzle-outline"
kind: "control"
description: "Runs the implementation bound to a contract. Falls back to contract.defaultImplementation."
props:
  contract:
    label: "contract"
    kind: "text"
    type: "string"
    default: ""
    description: "Contract name to resolve."
  implementation:
    label: "implementation"
    kind: "text"
    type: "string"
    description: "Optional implementation flow overriding the binding."
  input:
    label: "input"
    kind: "expression"
    type: "object"
    description: "Object expression passed to the implementation flow."
  out:
    label: "out"
    kind: "path"
    mode: "write"
    default: "flow.value"
    description: "Scope path receiving the implementation result."
hooks:
  file: "use.hooks.js"
implementation:
  runtime: "rhino"
  file: "use.js"
